
Microsoft Visual Studio Solution File, Format Version 12.00
# Visual Studio Version 17
VisualStudioVersion = 17.14.36327.8
MinimumVisualStudioVersion = 10.0.40219.1
Project("{9A19103F-16F7-4668-BE54-9A1E7A4F7556}") = "WebApi", "WebApi\WebApi.csproj", "{A4907505-8DC8-47F4-9214-68E9EA430B4C}"
EndProject
Project("{9A19103F-16F7-4668-BE54-9A1E7A4F7556}") = "ConsumoApi", "ConsumoApi\ConsumoApi.csproj", "{599E39F6-E7C3-4C8B-81C2-23221053E5E0}"
EndProject
Global
	GlobalSection(SolutionConfigurationPlatforms) = preSolution
		Debug|Any CPU = Debug|Any CPU
		Release|Any CPU = Release|Any CPU
	EndGlobalSection
	GlobalSection(ProjectConfigurationPlatforms) = postSolution
		{A4907505-8DC8-47F4-9214-68E9EA430B4C}.Debug|Any CPU.ActiveCfg = Debug|Any CPU
		{A4907505-8DC8-47F4-9214-68E9EA430B4C}.Debug|Any CPU.Build.0 = Debug|Any CPU
		{A4907505-8DC8-47F4-9214-68E9EA430B4C}.Release|Any CPU.ActiveCfg = Release|Any CPU
		{A4907505-8DC8-47F4-9214-68E9EA430B4C}.Release|Any CPU.Build.0 = Release|Any CPU
		{599E39F6-E7C3-4C8B-81C2-23221053E5E0}.Debug|Any CPU.ActiveCfg = Debug|Any CPU
		{599E39F6-E7C3-4C8B-81C2-23221053E5E0}.Debug|Any CPU.Build.0 = Debug|Any CPU
		{599E39F6-E7C3-4C8B-81C2-23221053E5E0}.Release|Any CPU.ActiveCfg = Release|Any CPU
		{599E39F6-E7C3-4C8B-81C2-23221053E5E0}.Release|Any CPU.Build.0 = Release|Any CPU
	EndGlobalSection
	GlobalSection(SolutionProperties) = preSolution
		HideSolutionNode = FALSE
	EndGlobalSection
	GlobalSection(ExtensibilityGlobals) = postSolution
		SolutionGuid = {16626A0E-1D3B-44CB-A552-B337CED5EF5D}
	EndGlobalSection
EndGlobal
